# TODO: Change these
block_state_address: "0000000000000000000000000000000000000000000000000000000000000000"
contract_registry_address: "1111111111111111111111111111111111111111111111111111111111111111"
solution:
  # Block state solution.
  - predicate_to_solve:
      contract: "0000000000000000000000000000000000000000000000000000000000000000"
      predicate: "0000000000000000000000000000000000000000000000000000000000000000"
    decision_variables:
    transient_data:
    state_mutations:
      - key:
        value:
