{
  "nodes": {
    "essential-server": {
      "inputs": {
        "nixpkgs": [
          "nixpkgs"
        ],
        "systems": [
          "nixpkgs"
        ]
      },
      "locked": {
        "lastModified": 1724386028,
        "narHash": "sha256-ziImdwfvIVhHyVMA14BgbwwaoFVJww+zKOS93SJoUPo=",
        "owner": "essential-contributions",
        "repo": "essential-server",
        "rev": "0a21818d2722ce7475a1627bf543822652e604ed",
        "type": "github"
      },
      "original": {
        "owner": "essential-contributions",
        "repo": "essential-server",
        "type": "github"
      }
    },
    "nixpkgs": {
      "locked": {
        "lastModified": 1727634051,
        "narHash": "sha256-S5kVU7U82LfpEukbn/ihcyNt2+EvG7Z5unsKW9H/yFA=",
        "owner": "nixos",
        "repo": "nixpkgs",
        "rev": "06cf0e1da4208d3766d898b7fdab6513366d45b9",
        "type": "github"
      },
      "original": {
        "owner": "nixos",
        "ref": "nixos-unstable",
        "repo": "nixpkgs",
        "type": "github"
      }
    },
    "pint": {
      "inputs": {
        "nixpkgs": [
          "nixpkgs"
        ],
        "pint-src": "pint-src",
        "systems": [
          "nixpkgs"
        ]
      },
      "locked": {
        "lastModified": 1727834582,
        "narHash": "sha256-sQR9+KuxNoRzfq3/447LaHrvFqIs++iky3rkOy3qflA=",
        "owner": "essential-contributions",
        "repo": "pint.nix",
        "rev": "d20ab49444a6fc9d10e4981a05e579a253a3833f",
        "type": "github"
      },
      "original": {
        "owner": "essential-contributions",
        "repo": "pint.nix",
        "type": "github"
      }
    },
    "pint-src": {
      "flake": false,
      "locked": {
        "lastModified": 1727794072,
        "narHash": "sha256-PNlAeHmm/65wNGdmO+TKwHoLgkFDw0PN6SeDr2qxy+Q=",
        "owner": "essential-contributions",
        "repo": "pint",
        "rev": "6ec051667f25f24b8cbe2aa4382f21a00c582ede",
        "type": "github"
      },
      "original": {
        "owner": "essential-contributions",
        "repo": "pint",
        "type": "github"
      }
    },
    "root": {
      "inputs": {
        "essential-server": "essential-server",
        "nixpkgs": "nixpkgs",
        "pint": "pint",
        "systems": "systems"
      }
    },
    "systems": {
      "locked": {
        "lastModified": 1681028828,
        "narHash": "sha256-Vy1rq5AaRuLzOxct8nz4T6wlgyUR7zLU309k9mBC768=",
        "owner": "nix-systems",
        "repo": "default",
        "rev": "da67096a3b9bf56a91d16901293e51ba5b49a27e",
        "type": "github"
      },
      "original": {
        "owner": "nix-systems",
        "repo": "default",
        "type": "github"
      }
    }
  },
  "root": "root",
  "version": 7
}
